<?xml version="1.0" encoding="utf-8"?>
<Project ToolsVersion="4.0" xmlns="http://schemas.microsoft.com/developer/msbuild/2003">
  <ItemGroup>
    <Filter Include="Header Files">
      <UniqueIdentifier>{e15ec50a-caac-4e6a-b18b-2b627691223c}</UniqueIdentifier>
    </Filter>
    <Filter Include="Source Files">
      <UniqueIdentifier>{e4724005-3b7f-42bc-ad8c-bf9c55ded39e}</UniqueIdentifier>
    </Filter>
    <Filter Include="Source Files\Features">
      <UniqueIdentifier>{b1397156-6d0d-4723-8c17-8e3d9993fd23}</UniqueIdentifier>
    </Filter>
    <Filter Include="Header Files\Features">
      <UniqueIdentifier>{6668d273-cb08-430d-87d3-e82012f71a38}</UniqueIdentifier>
    </Filter>
  </ItemGroup>
  <ItemGroup>
    <ClInclude Include="Features\Unrandomizer.hpp">
      <Filter>Header Files\Features</Filter>
    </ClInclude>
    <ClInclude Include="Features\Unrandomizer_SeedMap7K.hpp">
      <Filter>Header Files\Features</Filter>
    </ClInclude>
    <ClInclude Include="Features\Funny.hpp">
      <Filter>Header Files\Features</Filter>
    </ClInclude>
    <ClInclude Include="Features\Misc.hpp">
      <Filter>Header Files\Features</Filter>
    </ClInclude>
    <ClInclude Include="Features\MemoryTracker.hpp">
      <Filter>Header Files\Features</Filter>
    </ClInclude>
    <ClInclude Include="Features\AnalogInput.hpp">
      <Filter>Header Files\Features</Filter>
    </ClInclude>
    <ClInclude Include="Features\Unrandomizer_SeedMap5K.hpp">
      <Filter>Header Files\Features</Filter>
    </ClInclude>
    <ClInclude Include="Features\Numbers.hpp">
      <Filter>Header Files\Features</Filter>
    </ClInclude>
    <ClInclude Include="Features\Version.hpp">
      <Filter>Header Files\Features</Filter>
    </ClInclude>
    <ClInclude Include="Features\GameOptions.hpp">
      <Filter>Header Files\Features</Filter>
    </ClInclude>
    <ClInclude Include="Features\ScoreCannon.hpp">
      <Filter>Header Files\Features</Filter>
    </ClInclude>
  </ItemGroup>
  <ItemGroup>
    <ClCompile Include="LR2HackBox.cpp">
      <Filter>Source Files</Filter>
    </ClCompile>
    <ClCompile Include="Features\Unrandomizer.cpp">
      <Filter>Source Files\Features</Filter>
    </ClCompile>
    <ClCompile Include="Features\Funny.cpp">
      <Filter>Source Files\Features</Filter>
    </ClCompile>
    <ClCompile Include="Features\Misc.cpp">
      <Filter>Source Files\Features</Filter>
    </ClCompile>
    <ClCompile Include="Features\MemoryTracker.cpp">
      <Filter>Source Files\Features</Filter>
    </ClCompile>
    <ClCompile Include="Features\AnalogInput.cpp">
      <Filter>Source Files\Features</Filter>
    </ClCompile>
    <ClCompile Include="Features\Numbers.cpp">
      <Filter>Source Files\Features</Filter>
    </ClCompile>
    <ClCompile Include="Features\Version.cpp">
      <Filter>Source Files\Features</Filter>
    </ClCompile>
    <ClCompile Include="Features\GameOptions.cpp">
      <Filter>Source Files\Features</Filter>
    </ClCompile>
    <ClCompile Include="Features\ScoreCannon.cpp">
      <Filter>Source Files\Features</Filter>
    </ClCompile>
  </ItemGroup>
</Project>